
Microsoft Visual Studio Solution File, Format Version 12.00
Project("{FAE04EC0-301F-11D3-BF4B-00C04F79EFBC}") = "RestProxyDemo", "RestProxyDemo\RestProxyDemo.csproj", "{46F5357B-6CF1-4290-A2CA-CB575A6E9071}"
EndProject
Project("{FAE04EC0-301F-11D3-BF4B-00C04F79EFBC}") = "RestProxyDemo.Abstract", "RestProxyDemo.Abstract\RestProxyDemo.Abstract.csproj", "{89F22C99-CBCD-45B4-94C6-63EDDE67F331}"
EndProject
Project("{FAE04EC0-301F-11D3-BF4B-00C04F79EFBC}") = "RestProxyDemo.Common", "RestProxyDemo.Common\RestProxyDemo.Common.csproj", "{24725E25-7F64-4DA7-B28F-07DB0A89A9FB}"
EndProject
Project("{FAE04EC0-301F-11D3-BF4B-00C04F79EFBC}") = "RestProxyDemo.Runner", "RestProxyDemo.Runner\RestProxyDemo.Runner.csproj", "{1E6F9D1F-B7E1-40F1-8867-1F998681C7BE}"
EndProject
Global
	GlobalSection(SolutionConfigurationPlatforms) = preSolution
		Debug|Any CPU = Debug|Any CPU
		Release|Any CPU = Release|Any CPU
	EndGlobalSection
	GlobalSection(ProjectConfigurationPlatforms) = postSolution
		{46F5357B-6CF1-4290-A2CA-CB575A6E9071}.Debug|Any CPU.ActiveCfg = Debug|Any CPU
		{46F5357B-6CF1-4290-A2CA-CB575A6E9071}.Debug|Any CPU.Build.0 = Debug|Any CPU
		{46F5357B-6CF1-4290-A2CA-CB575A6E9071}.Release|Any CPU.ActiveCfg = Release|Any CPU
		{46F5357B-6CF1-4290-A2CA-CB575A6E9071}.Release|Any CPU.Build.0 = Release|Any CPU
		{89F22C99-CBCD-45B4-94C6-63EDDE67F331}.Debug|Any CPU.ActiveCfg = Debug|Any CPU
		{89F22C99-CBCD-45B4-94C6-63EDDE67F331}.Debug|Any CPU.Build.0 = Debug|Any CPU
		{89F22C99-CBCD-45B4-94C6-63EDDE67F331}.Release|Any CPU.ActiveCfg = Release|Any CPU
		{89F22C99-CBCD-45B4-94C6-63EDDE67F331}.Release|Any CPU.Build.0 = Release|Any CPU
		{24725E25-7F64-4DA7-B28F-07DB0A89A9FB}.Debug|Any CPU.ActiveCfg = Debug|Any CPU
		{24725E25-7F64-4DA7-B28F-07DB0A89A9FB}.Debug|Any CPU.Build.0 = Debug|Any CPU
		{24725E25-7F64-4DA7-B28F-07DB0A89A9FB}.Release|Any CPU.ActiveCfg = Release|Any CPU
		{24725E25-7F64-4DA7-B28F-07DB0A89A9FB}.Release|Any CPU.Build.0 = Release|Any CPU
		{1E6F9D1F-B7E1-40F1-8867-1F998681C7BE}.Debug|Any CPU.ActiveCfg = Debug|Any CPU
		{1E6F9D1F-B7E1-40F1-8867-1F998681C7BE}.Debug|Any CPU.Build.0 = Debug|Any CPU
		{1E6F9D1F-B7E1-40F1-8867-1F998681C7BE}.Release|Any CPU.ActiveCfg = Release|Any CPU
		{1E6F9D1F-B7E1-40F1-8867-1F998681C7BE}.Release|Any CPU.Build.0 = Release|Any CPU
	EndGlobalSection
EndGlobal
